
Microsoft Visual Studio Solution File, Format Version 12.00
# Visual Studio 15
VisualStudioVersion = 15.0.26124.0
MinimumVisualStudioVersion = 15.0.26124.0
Project("{FAE04EC0-301F-11D3-BF4B-00C04F79EFBC}") = "Store.DataRepository", "Store.DataRepository\Store.DataRepository.csproj", "{5708C2EB-207F-4647-B8B6-387C91986EF0}"
EndProject
Project("{FAE04EC0-301F-11D3-BF4B-00C04F79EFBC}") = "Store.Domain", "Store.Domain\Store.Domain.csproj", "{8BEE7975-E874-408E-B85C-D5791A5CE134}"
EndProject
Project("{FAE04EC0-301F-11D3-BF4B-00C04F79EFBC}") = "Store.EpsonDriver", "Store.EpsonDriver\Store.EpsonDriver.csproj", "{64038C02-D888-4E70-AE6E-CA0C9566BC23}"
EndProject
Project("{FAE04EC0-301F-11D3-BF4B-00C04F79EFBC}") = "Store.InventoryAPIClient", "Store.InventoryAPIClient\Store.InventoryAPIClient.csproj", "{B3BED3CA-FDE9-4C99-8DD9-CDA7703E85E2}"
EndProject
Project("{FAE04EC0-301F-11D3-BF4B-00C04F79EFBC}") = "Store.PrintService", "Store.PrintService\Store.PrintService.csproj", "{D6AD41A1-7405-4ACA-A122-FC77B6CC5A4C}"
EndProject
Project("{FAE04EC0-301F-11D3-BF4B-00C04F79EFBC}") = "Store.RestAPI", "Store.RestAPI\Store.RestAPI.csproj", "{FFC788D9-5E52-4D56-A284-C58605E7519B}"
EndProject
Project("{FAE04EC0-301F-11D3-BF4B-00C04F79EFBC}") = "Store.SalesService", "Store.SalesService\Store.SalesService.csproj", "{EAAF022D-25C2-4756-A621-6E9F39F8AC01}"
EndProject
Project("{FAE04EC0-301F-11D3-BF4B-00C04F79EFBC}") = "Store.SQLDataAccess", "Store.SQLDataAccess\Store.SQLDataAccess.csproj", "{FB2C455C-BB79-479B-8302-D66BA78CD897}"
EndProject
Project("{FAE04EC0-301F-11D3-BF4B-00C04F79EFBC}") = "Store.Web", "Store.Web\Store.Web.csproj", "{5735CBFF-577F-4794-B1FC-3FB6B165802F}"
EndProject
Project("{FAE04EC0-301F-11D3-BF4B-00C04F79EFBC}") = "Store.DataRepository.Test", "Store.DataRepository.Test\Store.DataRepository.Test.csproj", "{BD074CD2-8211-481F-95D3-53EB6DC97389}"
EndProject
Project("{FAE04EC0-301F-11D3-BF4B-00C04F79EFBC}") = "Store.Domain.Test", "Store.Domain.Test\Store.Domain.Test.csproj", "{55D21AEC-49C9-4503-B633-8843B98513CD}"
EndProject
Project("{FAE04EC0-301F-11D3-BF4B-00C04F79EFBC}") = "Store.EpsonDriver.Test", "Store.EpsonDriver.Test\Store.EpsonDriver.Test.csproj", "{5D474557-9605-4439-BB36-412FEE001ACF}"
EndProject
Project("{FAE04EC0-301F-11D3-BF4B-00C04F79EFBC}") = "Store.InventoryAPIClient.Test", "Store.InventoryAPIClient.Test\Store.InventoryAPIClient.Test.csproj", "{D9F91494-4B01-4CC5-A466-0EC36C8FA0EC}"
EndProject
Project("{FAE04EC0-301F-11D3-BF4B-00C04F79EFBC}") = "Store.PrintService.Test", "Store.PrintService.Test\Store.PrintService.Test.csproj", "{61081D8D-1D10-4D60-A439-6D17F37EEA15}"
EndProject
Project("{FAE04EC0-301F-11D3-BF4B-00C04F79EFBC}") = "Store.RestAPI.Test", "Store.RestAPI.Test\Store.RestAPI.Test.csproj", "{561B9A7D-BCC7-475B-8E47-1B4F692B5F7D}"
EndProject
Project("{FAE04EC0-301F-11D3-BF4B-00C04F79EFBC}") = "Store.SalesService.Test", "Store.SalesService.Test\Store.SalesService.Test.csproj", "{DB5E951A-6A60-49D8-9284-3AD1E68356BD}"
EndProject
Project("{FAE04EC0-301F-11D3-BF4B-00C04F79EFBC}") = "Store.SQLDataAccess.Test", "Store.SQLDataAccess.Test\Store.SQLDataAccess.Test.csproj", "{9FD1EDC5-D8C5-4C8A-B593-C6B1543A0E2D}"
EndProject
Project("{FAE04EC0-301F-11D3-BF4B-00C04F79EFBC}") = "Store.Web.Test", "Store.Web.Test\Store.Web.Test.csproj", "{D5EBEF65-D449-4A11-8D62-A0D07554AFAC}"
EndProject
Global
	GlobalSection(SolutionConfigurationPlatforms) = preSolution
		Debug|Any CPU = Debug|Any CPU
		Debug|x64 = Debug|x64
		Debug|x86 = Debug|x86
		Release|Any CPU = Release|Any CPU
		Release|x64 = Release|x64
		Release|x86 = Release|x86
	EndGlobalSection
	GlobalSection(SolutionProperties) = preSolution
		HideSolutionNode = FALSE
	EndGlobalSection
	GlobalSection(ProjectConfigurationPlatforms) = postSolution
		{5708C2EB-207F-4647-B8B6-387C91986EF0}.Debug|Any CPU.ActiveCfg = Debug|Any CPU
		{5708C2EB-207F-4647-B8B6-387C91986EF0}.Debug|Any CPU.Build.0 = Debug|Any CPU
		{5708C2EB-207F-4647-B8B6-387C91986EF0}.Debug|x64.ActiveCfg = Debug|Any CPU
		{5708C2EB-207F-4647-B8B6-387C91986EF0}.Debug|x64.Build.0 = Debug|Any CPU
		{5708C2EB-207F-4647-B8B6-387C91986EF0}.Debug|x86.ActiveCfg = Debug|Any CPU
		{5708C2EB-207F-4647-B8B6-387C91986EF0}.Debug|x86.Build.0 = Debug|Any CPU
		{5708C2EB-207F-4647-B8B6-387C91986EF0}.Release|Any CPU.ActiveCfg = Release|Any CPU
		{5708C2EB-207F-4647-B8B6-387C91986EF0}.Release|Any CPU.Build.0 = Release|Any CPU
		{5708C2EB-207F-4647-B8B6-387C91986EF0}.Release|x64.ActiveCfg = Release|Any CPU
		{5708C2EB-207F-4647-B8B6-387C91986EF0}.Release|x64.Build.0 = Release|Any CPU
		{5708C2EB-207F-4647-B8B6-387C91986EF0}.Release|x86.ActiveCfg = Release|Any CPU
		{5708C2EB-207F-4647-B8B6-387C91986EF0}.Release|x86.Build.0 = Release|Any CPU
		{8BEE7975-E874-408E-B85C-D5791A5CE134}.Debug|Any CPU.ActiveCfg = Debug|Any CPU
		{8BEE7975-E874-408E-B85C-D5791A5CE134}.Debug|Any CPU.Build.0 = Debug|Any CPU
		{8BEE7975-E874-408E-B85C-D5791A5CE134}.Debug|x64.ActiveCfg = Debug|Any CPU
		{8BEE7975-E874-408E-B85C-D5791A5CE134}.Debug|x64.Build.0 = Debug|Any CPU
		{8BEE7975-E874-408E-B85C-D5791A5CE134}.Debug|x86.ActiveCfg = Debug|Any CPU
		{8BEE7975-E874-408E-B85C-D5791A5CE134}.Debug|x86.Build.0 = Debug|Any CPU
		{8BEE7975-E874-408E-B85C-D5791A5CE134}.Release|Any CPU.ActiveCfg = Release|Any CPU
		{8BEE7975-E874-408E-B85C-D5791A5CE134}.Release|Any CPU.Build.0 = Release|Any CPU
		{8BEE7975-E874-408E-B85C-D5791A5CE134}.Release|x64.ActiveCfg = Release|Any CPU
		{8BEE7975-E874-408E-B85C-D5791A5CE134}.Release|x64.Build.0 = Release|Any CPU
		{8BEE7975-E874-408E-B85C-D5791A5CE134}.Release|x86.ActiveCfg = Release|Any CPU
		{8BEE7975-E874-408E-B85C-D5791A5CE134}.Release|x86.Build.0 = Release|Any CPU
		{64038C02-D888-4E70-AE6E-CA0C9566BC23}.Debug|Any CPU.ActiveCfg = Debug|Any CPU
		{64038C02-D888-4E70-AE6E-CA0C9566BC23}.Debug|Any CPU.Build.0 = Debug|Any CPU
		{64038C02-D888-4E70-AE6E-CA0C9566BC23}.Debug|x64.ActiveCfg = Debug|Any CPU
		{64038C02-D888-4E70-AE6E-CA0C9566BC23}.Debug|x64.Build.0 = Debug|Any CPU
		{64038C02-D888-4E70-AE6E-CA0C9566BC23}.Debug|x86.ActiveCfg = Debug|Any CPU
		{64038C02-D888-4E70-AE6E-CA0C9566BC23}.Debug|x86.Build.0 = Debug|Any CPU
		{64038C02-D888-4E70-AE6E-CA0C9566BC23}.Release|Any CPU.ActiveCfg = Release|Any CPU
		{64038C02-D888-4E70-AE6E-CA0C9566BC23}.Release|Any CPU.Build.0 = Release|Any CPU
		{64038C02-D888-4E70-AE6E-CA0C9566BC23}.Release|x64.ActiveCfg = Release|Any CPU
		{64038C02-D888-4E70-AE6E-CA0C9566BC23}.Release|x64.Build.0 = Release|Any CPU
		{64038C02-D888-4E70-AE6E-CA0C9566BC23}.Release|x86.ActiveCfg = Release|Any CPU
		{64038C02-D888-4E70-AE6E-CA0C9566BC23}.Release|x86.Build.0 = Release|Any CPU
		{B3BED3CA-FDE9-4C99-8DD9-CDA7703E85E2}.Debug|Any CPU.ActiveCfg = Debug|Any CPU
		{B3BED3CA-FDE9-4C99-8DD9-CDA7703E85E2}.Debug|Any CPU.Build.0 = Debug|Any CPU
		{B3BED3CA-FDE9-4C99-8DD9-CDA7703E85E2}.Debug|x64.ActiveCfg = Debug|Any CPU
		{B3BED3CA-FDE9-4C99-8DD9-CDA7703E85E2}.Debug|x64.Build.0 = Debug|Any CPU
		{B3BED3CA-FDE9-4C99-8DD9-CDA7703E85E2}.Debug|x86.ActiveCfg = Debug|Any CPU
		{B3BED3CA-FDE9-4C99-8DD9-CDA7703E85E2}.Debug|x86.Build.0 = Debug|Any CPU
		{B3BED3CA-FDE9-4C99-8DD9-CDA7703E85E2}.Release|Any CPU.ActiveCfg = Release|Any CPU
		{B3BED3CA-FDE9-4C99-8DD9-CDA7703E85E2}.Release|Any CPU.Build.0 = Release|Any CPU
		{B3BED3CA-FDE9-4C99-8DD9-CDA7703E85E2}.Release|x64.ActiveCfg = Release|Any CPU
		{B3BED3CA-FDE9-4C99-8DD9-CDA7703E85E2}.Release|x64.Build.0 = Release|Any CPU
		{B3BED3CA-FDE9-4C99-8DD9-CDA7703E85E2}.Release|x86.ActiveCfg = Release|Any CPU
		{B3BED3CA-FDE9-4C99-8DD9-CDA7703E85E2}.Release|x86.Build.0 = Release|Any CPU
		{D6AD41A1-7405-4ACA-A122-FC77B6CC5A4C}.Debug|Any CPU.ActiveCfg = Debug|Any CPU
		{D6AD41A1-7405-4ACA-A122-FC77B6CC5A4C}.Debug|Any CPU.Build.0 = Debug|Any CPU
		{D6AD41A1-7405-4ACA-A122-FC77B6CC5A4C}.Debug|x64.ActiveCfg = Debug|Any CPU
		{D6AD41A1-7405-4ACA-A122-FC77B6CC5A4C}.Debug|x64.Build.0 = Debug|Any CPU
		{D6AD41A1-7405-4ACA-A122-FC77B6CC5A4C}.Debug|x86.ActiveCfg = Debug|Any CPU
		{D6AD41A1-7405-4ACA-A122-FC77B6CC5A4C}.Debug|x86.Build.0 = Debug|Any CPU
		{D6AD41A1-7405-4ACA-A122-FC77B6CC5A4C}.Release|Any CPU.ActiveCfg = Release|Any CPU
		{D6AD41A1-7405-4ACA-A122-FC77B6CC5A4C}.Release|Any CPU.Build.0 = Release|Any CPU
		{D6AD41A1-7405-4ACA-A122-FC77B6CC5A4C}.Release|x64.ActiveCfg = Release|Any CPU
		{D6AD41A1-7405-4ACA-A122-FC77B6CC5A4C}.Release|x64.Build.0 = Release|Any CPU
		{D6AD41A1-7405-4ACA-A122-FC77B6CC5A4C}.Release|x86.ActiveCfg = Release|Any CPU
		{D6AD41A1-7405-4ACA-A122-FC77B6CC5A4C}.Release|x86.Build.0 = Release|Any CPU
		{FFC788D9-5E52-4D56-A284-C58605E7519B}.Debug|Any CPU.ActiveCfg = Debug|Any CPU
		{FFC788D9-5E52-4D56-A284-C58605E7519B}.Debug|Any CPU.Build.0 = Debug|Any CPU
		{FFC788D9-5E52-4D56-A284-C58605E7519B}.Debug|x64.ActiveCfg = Debug|Any CPU
		{FFC788D9-5E52-4D56-A284-C58605E7519B}.Debug|x64.Build.0 = Debug|Any CPU
		{FFC788D9-5E52-4D56-A284-C58605E7519B}.Debug|x86.ActiveCfg = Debug|Any CPU
		{FFC788D9-5E52-4D56-A284-C58605E7519B}.Debug|x86.Build.0 = Debug|Any CPU
		{FFC788D9-5E52-4D56-A284-C58605E7519B}.Release|Any CPU.ActiveCfg = Release|Any CPU
		{FFC788D9-5E52-4D56-A284-C58605E7519B}.Release|Any CPU.Build.0 = Release|Any CPU
		{FFC788D9-5E52-4D56-A284-C58605E7519B}.Release|x64.ActiveCfg = Release|Any CPU
		{FFC788D9-5E52-4D56-A284-C58605E7519B}.Release|x64.Build.0 = Release|Any CPU
		{FFC788D9-5E52-4D56-A284-C58605E7519B}.Release|x86.ActiveCfg = Release|Any CPU
		{FFC788D9-5E52-4D56-A284-C58605E7519B}.Release|x86.Build.0 = Release|Any CPU
		{EAAF022D-25C2-4756-A621-6E9F39F8AC01}.Debug|Any CPU.ActiveCfg = Debug|Any CPU
		{EAAF022D-25C2-4756-A621-6E9F39F8AC01}.Debug|Any CPU.Build.0 = Debug|Any CPU
		{EAAF022D-25C2-4756-A621-6E9F39F8AC01}.Debug|x64.ActiveCfg = Debug|Any CPU
		{EAAF022D-25C2-4756-A621-6E9F39F8AC01}.Debug|x64.Build.0 = Debug|Any CPU
		{EAAF022D-25C2-4756-A621-6E9F39F8AC01}.Debug|x86.ActiveCfg = Debug|Any CPU
		{EAAF022D-25C2-4756-A621-6E9F39F8AC01}.Debug|x86.Build.0 = Debug|Any CPU
		{EAAF022D-25C2-4756-A621-6E9F39F8AC01}.Release|Any CPU.ActiveCfg = Release|Any CPU
		{EAAF022D-25C2-4756-A621-6E9F39F8AC01}.Release|Any CPU.Build.0 = Release|Any CPU
		{EAAF022D-25C2-4756-A621-6E9F39F8AC01}.Release|x64.ActiveCfg = Release|Any CPU
		{EAAF022D-25C2-4756-A621-6E9F39F8AC01}.Release|x64.Build.0 = Release|Any CPU
		{EAAF022D-25C2-4756-A621-6E9F39F8AC01}.Release|x86.ActiveCfg = Release|Any CPU
		{EAAF022D-25C2-4756-A621-6E9F39F8AC01}.Release|x86.Build.0 = Release|Any CPU
		{FB2C455C-BB79-479B-8302-D66BA78CD897}.Debug|Any CPU.ActiveCfg = Debug|Any CPU
		{FB2C455C-BB79-479B-8302-D66BA78CD897}.Debug|Any CPU.Build.0 = Debug|Any CPU
		{FB2C455C-BB79-479B-8302-D66BA78CD897}.Debug|x64.ActiveCfg = Debug|Any CPU
		{FB2C455C-BB79-479B-8302-D66BA78CD897}.Debug|x64.Build.0 = Debug|Any CPU
		{FB2C455C-BB79-479B-8302-D66BA78CD897}.Debug|x86.ActiveCfg = Debug|Any CPU
		{FB2C455C-BB79-479B-8302-D66BA78CD897}.Debug|x86.Build.0 = Debug|Any CPU
		{FB2C455C-BB79-479B-8302-D66BA78CD897}.Release|Any CPU.ActiveCfg = Release|Any CPU
		{FB2C455C-BB79-479B-8302-D66BA78CD897}.Release|Any CPU.Build.0 = Release|Any CPU
		{FB2C455C-BB79-479B-8302-D66BA78CD897}.Release|x64.ActiveCfg = Release|Any CPU
		{FB2C455C-BB79-479B-8302-D66BA78CD897}.Release|x64.Build.0 = Release|Any CPU
		{FB2C455C-BB79-479B-8302-D66BA78CD897}.Release|x86.ActiveCfg = Release|Any CPU
		{FB2C455C-BB79-479B-8302-D66BA78CD897}.Release|x86.Build.0 = Release|Any CPU
		{5735CBFF-577F-4794-B1FC-3FB6B165802F}.Debug|Any CPU.ActiveCfg = Debug|Any CPU
		{5735CBFF-577F-4794-B1FC-3FB6B165802F}.Debug|Any CPU.Build.0 = Debug|Any CPU
		{5735CBFF-577F-4794-B1FC-3FB6B165802F}.Debug|x64.ActiveCfg = Debug|Any CPU
		{5735CBFF-577F-4794-B1FC-3FB6B165802F}.Debug|x64.Build.0 = Debug|Any CPU
		{5735CBFF-577F-4794-B1FC-3FB6B165802F}.Debug|x86.ActiveCfg = Debug|Any CPU
		{5735CBFF-577F-4794-B1FC-3FB6B165802F}.Debug|x86.Build.0 = Debug|Any CPU
		{5735CBFF-577F-4794-B1FC-3FB6B165802F}.Release|Any CPU.ActiveCfg = Release|Any CPU
		{5735CBFF-577F-4794-B1FC-3FB6B165802F}.Release|Any CPU.Build.0 = Release|Any CPU
		{5735CBFF-577F-4794-B1FC-3FB6B165802F}.Release|x64.ActiveCfg = Release|Any CPU
		{5735CBFF-577F-4794-B1FC-3FB6B165802F}.Release|x64.Build.0 = Release|Any CPU
		{5735CBFF-577F-4794-B1FC-3FB6B165802F}.Release|x86.ActiveCfg = Release|Any CPU
		{5735CBFF-577F-4794-B1FC-3FB6B165802F}.Release|x86.Build.0 = Release|Any CPU
		{BD074CD2-8211-481F-95D3-53EB6DC97389}.Debug|Any CPU.ActiveCfg = Debug|Any CPU
		{BD074CD2-8211-481F-95D3-53EB6DC97389}.Debug|Any CPU.Build.0 = Debug|Any CPU
		{BD074CD2-8211-481F-95D3-53EB6DC97389}.Debug|x64.ActiveCfg = Debug|Any CPU
		{BD074CD2-8211-481F-95D3-53EB6DC97389}.Debug|x64.Build.0 = Debug|Any CPU
		{BD074CD2-8211-481F-95D3-53EB6DC97389}.Debug|x86.ActiveCfg = Debug|Any CPU
		{BD074CD2-8211-481F-95D3-53EB6DC97389}.Debug|x86.Build.0 = Debug|Any CPU
		{BD074CD2-8211-481F-95D3-53EB6DC97389}.Release|Any CPU.ActiveCfg = Release|Any CPU
		{BD074CD2-8211-481F-95D3-53EB6DC97389}.Release|Any CPU.Build.0 = Release|Any CPU
		{BD074CD2-8211-481F-95D3-53EB6DC97389}.Release|x64.ActiveCfg = Release|Any CPU
		{BD074CD2-8211-481F-95D3-53EB6DC97389}.Release|x64.Build.0 = Release|Any CPU
		{BD074CD2-8211-481F-95D3-53EB6DC97389}.Release|x86.ActiveCfg = Release|Any CPU
		{BD074CD2-8211-481F-95D3-53EB6DC97389}.Release|x86.Build.0 = Release|Any CPU
		{55D21AEC-49C9-4503-B633-8843B98513CD}.Debug|Any CPU.ActiveCfg = Debug|Any CPU
		{55D21AEC-49C9-4503-B633-8843B98513CD}.Debug|Any CPU.Build.0 = Debug|Any CPU
		{55D21AEC-49C9-4503-B633-8843B98513CD}.Debug|x64.ActiveCfg = Debug|Any CPU
		{55D21AEC-49C9-4503-B633-8843B98513CD}.Debug|x64.Build.0 = Debug|Any CPU
		{55D21AEC-49C9-4503-B633-8843B98513CD}.Debug|x86.ActiveCfg = Debug|Any CPU
		{55D21AEC-49C9-4503-B633-8843B98513CD}.Debug|x86.Build.0 = Debug|Any CPU
		{55D21AEC-49C9-4503-B633-8843B98513CD}.Release|Any CPU.ActiveCfg = Release|Any CPU
		{55D21AEC-49C9-4503-B633-8843B98513CD}.Release|Any CPU.Build.0 = Release|Any CPU
		{55D21AEC-49C9-4503-B633-8843B98513CD}.Release|x64.ActiveCfg = Release|Any CPU
		{55D21AEC-49C9-4503-B633-8843B98513CD}.Release|x64.Build.0 = Release|Any CPU
		{55D21AEC-49C9-4503-B633-8843B98513CD}.Release|x86.ActiveCfg = Release|Any CPU
		{55D21AEC-49C9-4503-B633-8843B98513CD}.Release|x86.Build.0 = Release|Any CPU
		{5D474557-9605-4439-BB36-412FEE001ACF}.Debug|Any CPU.ActiveCfg = Debug|Any CPU
		{5D474557-9605-4439-BB36-412FEE001ACF}.Debug|Any CPU.Build.0 = Debug|Any CPU
		{5D474557-9605-4439-BB36-412FEE001ACF}.Debug|x64.ActiveCfg = Debug|Any CPU
		{5D474557-9605-4439-BB36-412FEE001ACF}.Debug|x64.Build.0 = Debug|Any CPU
		{5D474557-9605-4439-BB36-412FEE001ACF}.Debug|x86.ActiveCfg = Debug|Any CPU
		{5D474557-9605-4439-BB36-412FEE001ACF}.Debug|x86.Build.0 = Debug|Any CPU
		{5D474557-9605-4439-BB36-412FEE001ACF}.Release|Any CPU.ActiveCfg = Release|Any CPU
		{5D474557-9605-4439-BB36-412FEE001ACF}.Release|Any CPU.Build.0 = Release|Any CPU
		{5D474557-9605-4439-BB36-412FEE001ACF}.Release|x64.ActiveCfg = Release|Any CPU
		{5D474557-9605-4439-BB36-412FEE001ACF}.Release|x64.Build.0 = Release|Any CPU
		{5D474557-9605-4439-BB36-412FEE001ACF}.Release|x86.ActiveCfg = Release|Any CPU
		{5D474557-9605-4439-BB36-412FEE001ACF}.Release|x86.Build.0 = Release|Any CPU
		{D9F91494-4B01-4CC5-A466-0EC36C8FA0EC}.Debug|Any CPU.ActiveCfg = Debug|Any CPU
		{D9F91494-4B01-4CC5-A466-0EC36C8FA0EC}.Debug|Any CPU.Build.0 = Debug|Any CPU
		{D9F91494-4B01-4CC5-A466-0EC36C8FA0EC}.Debug|x64.ActiveCfg = Debug|Any CPU
		{D9F91494-4B01-4CC5-A466-0EC36C8FA0EC}.Debug|x64.Build.0 = Debug|Any CPU
		{D9F91494-4B01-4CC5-A466-0EC36C8FA0EC}.Debug|x86.ActiveCfg = Debug|Any CPU
		{D9F91494-4B01-4CC5-A466-0EC36C8FA0EC}.Debug|x86.Build.0 = Debug|Any CPU
		{D9F91494-4B01-4CC5-A466-0EC36C8FA0EC}.Release|Any CPU.ActiveCfg = Release|Any CPU
		{D9F91494-4B01-4CC5-A466-0EC36C8FA0EC}.Release|Any CPU.Build.0 = Release|Any CPU
		{D9F91494-4B01-4CC5-A466-0EC36C8FA0EC}.Release|x64.ActiveCfg = Release|Any CPU
		{D9F91494-4B01-4CC5-A466-0EC36C8FA0EC}.Release|x64.Build.0 = Release|Any CPU
		{D9F91494-4B01-4CC5-A466-0EC36C8FA0EC}.Release|x86.ActiveCfg = Release|Any CPU
		{D9F91494-4B01-4CC5-A466-0EC36C8FA0EC}.Release|x86.Build.0 = Release|Any CPU
		{61081D8D-1D10-4D60-A439-6D17F37EEA15}.Debug|Any CPU.ActiveCfg = Debug|Any CPU
		{61081D8D-1D10-4D60-A439-6D17F37EEA15}.Debug|Any CPU.Build.0 = Debug|Any CPU
		{61081D8D-1D10-4D60-A439-6D17F37EEA15}.Debug|x64.ActiveCfg = Debug|Any CPU
		{61081D8D-1D10-4D60-A439-6D17F37EEA15}.Debug|x64.Build.0 = Debug|Any CPU
		{61081D8D-1D10-4D60-A439-6D17F37EEA15}.Debug|x86.ActiveCfg = Debug|Any CPU
		{61081D8D-1D10-4D60-A439-6D17F37EEA15}.Debug|x86.Build.0 = Debug|Any CPU
		{61081D8D-1D10-4D60-A439-6D17F37EEA15}.Release|Any CPU.ActiveCfg = Release|Any CPU
		{61081D8D-1D10-4D60-A439-6D17F37EEA15}.Release|Any CPU.Build.0 = Release|Any CPU
		{61081D8D-1D10-4D60-A439-6D17F37EEA15}.Release|x64.ActiveCfg = Release|Any CPU
		{61081D8D-1D10-4D60-A439-6D17F37EEA15}.Release|x64.Build.0 = Release|Any CPU
		{61081D8D-1D10-4D60-A439-6D17F37EEA15}.Release|x86.ActiveCfg = Release|Any CPU
		{61081D8D-1D10-4D60-A439-6D17F37EEA15}.Release|x86.Build.0 = Release|Any CPU
		{561B9A7D-BCC7-475B-8E47-1B4F692B5F7D}.Debug|Any CPU.ActiveCfg = Debug|Any CPU
		{561B9A7D-BCC7-475B-8E47-1B4F692B5F7D}.Debug|Any CPU.Build.0 = Debug|Any CPU
		{561B9A7D-BCC7-475B-8E47-1B4F692B5F7D}.Debug|x64.ActiveCfg = Debug|Any CPU
		{561B9A7D-BCC7-475B-8E47-1B4F692B5F7D}.Debug|x64.Build.0 = Debug|Any CPU
		{561B9A7D-BCC7-475B-8E47-1B4F692B5F7D}.Debug|x86.ActiveCfg = Debug|Any CPU
		{561B9A7D-BCC7-475B-8E47-1B4F692B5F7D}.Debug|x86.Build.0 = Debug|Any CPU
		{561B9A7D-BCC7-475B-8E47-1B4F692B5F7D}.Release|Any CPU.ActiveCfg = Release|Any CPU
		{561B9A7D-BCC7-475B-8E47-1B4F692B5F7D}.Release|Any CPU.Build.0 = Release|Any CPU
		{561B9A7D-BCC7-475B-8E47-1B4F692B5F7D}.Release|x64.ActiveCfg = Release|Any CPU
		{561B9A7D-BCC7-475B-8E47-1B4F692B5F7D}.Release|x64.Build.0 = Release|Any CPU
		{561B9A7D-BCC7-475B-8E47-1B4F692B5F7D}.Release|x86.ActiveCfg = Release|Any CPU
		{561B9A7D-BCC7-475B-8E47-1B4F692B5F7D}.Release|x86.Build.0 = Release|Any CPU
		{DB5E951A-6A60-49D8-9284-3AD1E68356BD}.Debug|Any CPU.ActiveCfg = Debug|Any CPU
		{DB5E951A-6A60-49D8-9284-3AD1E68356BD}.Debug|Any CPU.Build.0 = Debug|Any CPU
		{DB5E951A-6A60-49D8-9284-3AD1E68356BD}.Debug|x64.ActiveCfg = Debug|Any CPU
		{DB5E951A-6A60-49D8-9284-3AD1E68356BD}.Debug|x64.Build.0 = Debug|Any CPU
		{DB5E951A-6A60-49D8-9284-3AD1E68356BD}.Debug|x86.ActiveCfg = Debug|Any CPU
		{DB5E951A-6A60-49D8-9284-3AD1E68356BD}.Debug|x86.Build.0 = Debug|Any CPU
		{DB5E951A-6A60-49D8-9284-3AD1E68356BD}.Release|Any CPU.ActiveCfg = Release|Any CPU
		{DB5E951A-6A60-49D8-9284-3AD1E68356BD}.Release|Any CPU.Build.0 = Release|Any CPU
		{DB5E951A-6A60-49D8-9284-3AD1E68356BD}.Release|x64.ActiveCfg = Release|Any CPU
		{DB5E951A-6A60-49D8-9284-3AD1E68356BD}.Release|x64.Build.0 = Release|Any CPU
		{DB5E951A-6A60-49D8-9284-3AD1E68356BD}.Release|x86.ActiveCfg = Release|Any CPU
		{DB5E951A-6A60-49D8-9284-3AD1E68356BD}.Release|x86.Build.0 = Release|Any CPU
		{9FD1EDC5-D8C5-4C8A-B593-C6B1543A0E2D}.Debug|Any CPU.ActiveCfg = Debug|Any CPU
		{9FD1EDC5-D8C5-4C8A-B593-C6B1543A0E2D}.Debug|Any CPU.Build.0 = Debug|Any CPU
		{9FD1EDC5-D8C5-4C8A-B593-C6B1543A0E2D}.Debug|x64.ActiveCfg = Debug|Any CPU
		{9FD1EDC5-D8C5-4C8A-B593-C6B1543A0E2D}.Debug|x64.Build.0 = Debug|Any CPU
		{9FD1EDC5-D8C5-4C8A-B593-C6B1543A0E2D}.Debug|x86.ActiveCfg = Debug|Any CPU
		{9FD1EDC5-D8C5-4C8A-B593-C6B1543A0E2D}.Debug|x86.Build.0 = Debug|Any CPU
		{9FD1EDC5-D8C5-4C8A-B593-C6B1543A0E2D}.Release|Any CPU.ActiveCfg = Release|Any CPU
		{9FD1EDC5-D8C5-4C8A-B593-C6B1543A0E2D}.Release|Any CPU.Build.0 = Release|Any CPU
		{9FD1EDC5-D8C5-4C8A-B593-C6B1543A0E2D}.Release|x64.ActiveCfg = Release|Any CPU
		{9FD1EDC5-D8C5-4C8A-B593-C6B1543A0E2D}.Release|x64.Build.0 = Release|Any CPU
		{9FD1EDC5-D8C5-4C8A-B593-C6B1543A0E2D}.Release|x86.ActiveCfg = Release|Any CPU
		{9FD1EDC5-D8C5-4C8A-B593-C6B1543A0E2D}.Release|x86.Build.0 = Release|Any CPU
		{D5EBEF65-D449-4A11-8D62-A0D07554AFAC}.Debug|Any CPU.ActiveCfg = Debug|Any CPU
		{D5EBEF65-D449-4A11-8D62-A0D07554AFAC}.Debug|Any CPU.Build.0 = Debug|Any CPU
		{D5EBEF65-D449-4A11-8D62-A0D07554AFAC}.Debug|x64.ActiveCfg = Debug|Any CPU
		{D5EBEF65-D449-4A11-8D62-A0D07554AFAC}.Debug|x64.Build.0 = Debug|Any CPU
		{D5EBEF65-D449-4A11-8D62-A0D07554AFAC}.Debug|x86.ActiveCfg = Debug|Any CPU
		{D5EBEF65-D449-4A11-8D62-A0D07554AFAC}.Debug|x86.Build.0 = Debug|Any CPU
		{D5EBEF65-D449-4A11-8D62-A0D07554AFAC}.Release|Any CPU.ActiveCfg = Release|Any CPU
		{D5EBEF65-D449-4A11-8D62-A0D07554AFAC}.Release|Any CPU.Build.0 = Release|Any CPU
		{D5EBEF65-D449-4A11-8D62-A0D07554AFAC}.Release|x64.ActiveCfg = Release|Any CPU
		{D5EBEF65-D449-4A11-8D62-A0D07554AFAC}.Release|x64.Build.0 = Release|Any CPU
		{D5EBEF65-D449-4A11-8D62-A0D07554AFAC}.Release|x86.ActiveCfg = Release|Any CPU
		{D5EBEF65-D449-4A11-8D62-A0D07554AFAC}.Release|x86.Build.0 = Release|Any CPU
	EndGlobalSection
EndGlobal
